
Microsoft Visual Studio Solution File, Format Version 12.00
# Visual Studio 14
VisualStudioVersion = 14.0.24720.0
MinimumVisualStudioVersion = 10.0.40219.1
Project("{FAE04EC0-301F-11D3-BF4B-00C04F79EFBC}") = "Tehtava1", "Tehtava1\Tehtava1.csproj", "{BBFDB3F8-2232-4C51-A154-1DFFF2E75FE7}"
EndProject
Project("{FAE04EC0-301F-11D3-BF4B-00C04F79EFBC}") = "Harjoitus1MediaPlayer", "Harjoitus1MediaPlayer\Harjoitus1MediaPlayer.csproj", "{A7CBBE89-BE6D-47C9-BBA7-22E06288216D}"
EndProject
Project("{FAE04EC0-301F-11D3-BF4B-00C04F79EFBC}") = "Tehtava2", "Tehtava2\Tehtava2.csproj", "{6AA235F5-DCD9-4E9C-A363-938A2092EB08}"
EndProject
Project("{FAE04EC0-301F-11D3-BF4B-00C04F79EFBC}") = "H3MittausData", "H3MittausData\H3MittausData.csproj", "{98F63F70-1E7E-4B89-9C8A-5A4E34F2F16A}"
EndProject
Project("{FAE04EC0-301F-11D3-BF4B-00C04F79EFBC}") = "H4KonsoliXML", "H4KonsoliXML\H4KonsoliXML.csproj", "{EBDB0CB4-9EBD-4629-9595-9610588634B2}"
EndProject
Project("{FAE04EC0-301F-11D3-BF4B-00C04F79EFBC}") = "H4VpfXml", "H4VpfXml\H4VpfXml.csproj", "{45766359-9952-4F35-860B-2E4DD43CE40C}"
EndProject
Project("{FAE04EC0-301F-11D3-BF4B-00C04F79EFBC}") = "H5MoviesXML", "H5MoviesXML\H5MoviesXML.csproj", "{511F07DD-DBE3-4F41-9394-8DA22A584C33}"
EndProject
Global
	GlobalSection(SolutionConfigurationPlatforms) = preSolution
		Debug|Any CPU = Debug|Any CPU
		Release|Any CPU = Release|Any CPU
	EndGlobalSection
	GlobalSection(ProjectConfigurationPlatforms) = postSolution
		{BBFDB3F8-2232-4C51-A154-1DFFF2E75FE7}.Debug|Any CPU.ActiveCfg = Debug|Any CPU
		{BBFDB3F8-2232-4C51-A154-1DFFF2E75FE7}.Debug|Any CPU.Build.0 = Debug|Any CPU
		{BBFDB3F8-2232-4C51-A154-1DFFF2E75FE7}.Release|Any CPU.ActiveCfg = Release|Any CPU
		{BBFDB3F8-2232-4C51-A154-1DFFF2E75FE7}.Release|Any CPU.Build.0 = Release|Any CPU
		{A7CBBE89-BE6D-47C9-BBA7-22E06288216D}.Debug|Any CPU.ActiveCfg = Debug|Any CPU
		{A7CBBE89-BE6D-47C9-BBA7-22E06288216D}.Debug|Any CPU.Build.0 = Debug|Any CPU
		{A7CBBE89-BE6D-47C9-BBA7-22E06288216D}.Release|Any CPU.ActiveCfg = Release|Any CPU
		{A7CBBE89-BE6D-47C9-BBA7-22E06288216D}.Release|Any CPU.Build.0 = Release|Any CPU
		{6AA235F5-DCD9-4E9C-A363-938A2092EB08}.Debug|Any CPU.ActiveCfg = Debug|Any CPU
		{6AA235F5-DCD9-4E9C-A363-938A2092EB08}.Debug|Any CPU.Build.0 = Debug|Any CPU
		{6AA235F5-DCD9-4E9C-A363-938A2092EB08}.Release|Any CPU.ActiveCfg = Release|Any CPU
		{6AA235F5-DCD9-4E9C-A363-938A2092EB08}.Release|Any CPU.Build.0 = Release|Any CPU
		{98F63F70-1E7E-4B89-9C8A-5A4E34F2F16A}.Debug|Any CPU.ActiveCfg = Debug|Any CPU
		{98F63F70-1E7E-4B89-9C8A-5A4E34F2F16A}.Debug|Any CPU.Build.0 = Debug|Any CPU
		{98F63F70-1E7E-4B89-9C8A-5A4E34F2F16A}.Release|Any CPU.ActiveCfg = Release|Any CPU
		{98F63F70-1E7E-4B89-9C8A-5A4E34F2F16A}.Release|Any CPU.Build.0 = Release|Any CPU
		{EBDB0CB4-9EBD-4629-9595-9610588634B2}.Debug|Any CPU.ActiveCfg = Debug|Any CPU
		{EBDB0CB4-9EBD-4629-9595-9610588634B2}.Debug|Any CPU.Build.0 = Debug|Any CPU
		{EBDB0CB4-9EBD-4629-9595-9610588634B2}.Release|Any CPU.ActiveCfg = Release|Any CPU
		{EBDB0CB4-9EBD-4629-9595-9610588634B2}.Release|Any CPU.Build.0 = Release|Any CPU
		{45766359-9952-4F35-860B-2E4DD43CE40C}.Debug|Any CPU.ActiveCfg = Debug|Any CPU
		{45766359-9952-4F35-860B-2E4DD43CE40C}.Debug|Any CPU.Build.0 = Debug|Any CPU
		{45766359-9952-4F35-860B-2E4DD43CE40C}.Release|Any CPU.ActiveCfg = Release|Any CPU
		{45766359-9952-4F35-860B-2E4DD43CE40C}.Release|Any CPU.Build.0 = Release|Any CPU
		{511F07DD-DBE3-4F41-9394-8DA22A584C33}.Debug|Any CPU.ActiveCfg = Debug|Any CPU
		{511F07DD-DBE3-4F41-9394-8DA22A584C33}.Debug|Any CPU.Build.0 = Debug|Any CPU
		{511F07DD-DBE3-4F41-9394-8DA22A584C33}.Release|Any CPU.ActiveCfg = Release|Any CPU
		{511F07DD-DBE3-4F41-9394-8DA22A584C33}.Release|Any CPU.Build.0 = Release|Any CPU
	EndGlobalSection
	GlobalSection(SolutionProperties) = preSolution
		HideSolutionNode = FALSE
	EndGlobalSection
EndGlobal
